
Microsoft Visual Studio Solution File, Format Version 12.00
# Visual Studio Version 17
VisualStudioVersion = 17.3.32922.545
MinimumVisualStudioVersion = 10.0.40219.1
Project("{FAE04EC0-301F-11D3-BF4B-00C04F79EFBC}") = "ImaginePlayer", "ImaginePlayer\ImaginePlayer.csproj", "{7BCC27E2-730A-4D5B-9DCE-0B31D63C9C05}"
EndProject
Global
	GlobalSection(SolutionConfigurationPlatforms) = preSolution
		Debug|Any CPU = Debug|Any CPU
		Release|Any CPU = Release|Any CPU
	EndGlobalSection
	GlobalSection(ProjectConfigurationPlatforms) = postSolution
		{7BCC27E2-730A-4D5B-9DCE-0B31D63C9C05}.Debug|Any CPU.ActiveCfg = Debug|Any CPU
		{7BCC27E2-730A-4D5B-9DCE-0B31D63C9C05}.Debug|Any CPU.Build.0 = Debug|Any CPU
		{7BCC27E2-730A-4D5B-9DCE-0B31D63C9C05}.Release|Any CPU.ActiveCfg = Release|Any CPU
		{7BCC27E2-730A-4D5B-9DCE-0B31D63C9C05}.Release|Any CPU.Build.0 = Release|Any CPU
	EndGlobalSection
	GlobalSection(SolutionProperties) = preSolution
		HideSolutionNode = FALSE
	EndGlobalSection
	GlobalSection(ExtensibilityGlobals) = postSolution
		SolutionGuid = {D05F8B8F-99A0-4EE5-8646-19823091A053}
	EndGlobalSection
EndGlobal
